// !$*UTF8*$!
{
	archiveVersion = 1;
	classes = {
	};
	objectVersion = 46;
	objects = {

/* Begin PBXBuildFile section */
		0C214DE558D946EF98703F74 /* AvenirNext-DemiBold.ttf in Resources */ = {isa = PBXBuildFile; fileRef = 3C910D456ABC4956A0339441 /* AvenirNext-DemiBold.ttf */; };
		13B07FBC1A68108700A75B9A /* AppDelegate.m in Sources */ = {isa = PBXBuildFile; fileRef = 13B07FB01A68108700A75B9A /* AppDelegate.m */; };
		13B07FBD1A68108700A75B9A /* LaunchScreen.xib in Resources */ = {isa = PBXBuildFile; fileRef = 13B07FB11A68108700A75B9A /* LaunchScreen.xib */; };
		13B07FBF1A68108700A75B9A /* Images.xcassets in Resources */ = {isa = PBXBuildFile; fileRef = 13B07FB51A68108700A75B9A /* Images.xcassets */; };
		13B07FC11A68108700A75B9A /* main.m in Sources */ = {isa = PBXBuildFile; fileRef = 13B07FB71A68108700A75B9A /* main.m */; };
		196BAB18C5C2444A886B3B3A /* AvenirNext-HeavyItalic.ttf in Resources */ = {isa = PBXBuildFile; fileRef = 91319D3482A24627B4C17D11 /* AvenirNext-HeavyItalic.ttf */; };
		1C1FAF9BD4C4574FD7374D63 /* libPods-babetmobile-dev-BabetShare.a in Frameworks */ = {isa = PBXBuildFile; fileRef = 16DB1DDC92377D58FB9883F3 /* libPods-babetmobile-dev-BabetShare.a */; };
		324D0474A15041C9B8FB8F3A /* AvenirNext-Bold.ttf in Resources */ = {isa = PBXBuildFile; fileRef = 07C9F49065494C4E8A3EE2E6 /* AvenirNext-Bold.ttf */; };
		4188F29324670B9F0084E04B /* AppDelegate.m in Sources */ = {isa = PBXBuildFile; fileRef = 13B07FB01A68108700A75B9A /* AppDelegate.m */; };
		4188F29424670B9F0084E04B /* main.m in Sources */ = {isa = PBXBuildFile; fileRef = 13B07FB71A68108700A75B9A /* main.m */; };
		4188F29824670B9F0084E04B /* Images.xcassets in Resources */ = {isa = PBXBuildFile; fileRef = 13B07FB51A68108700A75B9A /* Images.xcassets */; };
		4188F29924670B9F0084E04B /* LaunchScreen.xib in Resources */ = {isa = PBXBuildFile; fileRef = 13B07FB11A68108700A75B9A /* LaunchScreen.xib */; };
		4188F29A24670B9F0084E04B /* AvenirNext-Bold.ttf in Resources */ = {isa = PBXBuildFile; fileRef = 07C9F49065494C4E8A3EE2E6 /* AvenirNext-Bold.ttf */; };
		4188F29B24670B9F0084E04B /* AvenirNext-BoldItalic.ttf in Resources */ = {isa = PBXBuildFile; fileRef = AEA5C522570F4B93BE4648CD /* AvenirNext-BoldItalic.ttf */; };
		4188F29C24670B9F0084E04B /* AvenirNext-DemiBold.ttf in Resources */ = {isa = PBXBuildFile; fileRef = 3C910D456ABC4956A0339441 /* AvenirNext-DemiBold.ttf */; };
		4188F29D24670B9F0084E04B /* AvenirNext-DemiBoldItalic.ttf in Resources */ = {isa = PBXBuildFile; fileRef = 67164EBAA0184CC286479405 /* AvenirNext-DemiBoldItalic.ttf */; };
		4188F29E24670B9F0084E04B /* AvenirNext-Heavy.ttf in Resources */ = {isa = PBXBuildFile; fileRef = 73500C059EC94B64AF4EE069 /* AvenirNext-Heavy.ttf */; };
		4188F29F24670B9F0084E04B /* AvenirNext-HeavyItalic.ttf in Resources */ = {isa = PBXBuildFile; fileRef = 91319D3482A24627B4C17D11 /* AvenirNext-HeavyItalic.ttf */; };
		4188F2A024670B9F0084E04B /* AvenirNext-Italic.ttf in Resources */ = {isa = PBXBuildFile; fileRef = 3A2A60EEF4954F6E99DCA987 /* AvenirNext-Italic.ttf */; };
		4188F2A124670B9F0084E04B /* AvenirNext-Medium.ttf in Resources */ = {isa = PBXBuildFile; fileRef = 8329C9100A964B139FC17445 /* AvenirNext-Medium.ttf */; };
		4188F2A224670B9F0084E04B /* AvenirNext-MediumItalic.ttf in Resources */ = {isa = PBXBuildFile; fileRef = FE181B17483A418884FE3FF2 /* AvenirNext-MediumItalic.ttf */; };
		4188F2A324670B9F0084E04B /* AvenirNext-Regular.ttf in Resources */ = {isa = PBXBuildFile; fileRef = 5658238EC15743BF81CA4D25 /* AvenirNext-Regular.ttf */; };
		4188F2A424670B9F0084E04B /* AvenirNext-UltraLight.ttf in Resources */ = {isa = PBXBuildFile; fileRef = EE9BBB540D5946DBBC2F775A /* AvenirNext-UltraLight.ttf */; };
		4188F2A524670B9F0084E04B /* AvenirNext-UltraLightItalic.ttf in Resources */ = {isa = PBXBuildFile; fileRef = 372520B949E94FC8A605C893 /* AvenirNext-UltraLightItalic.ttf */; };
		4188F2B324670EC50084E04B /* GoogleService-Info.plist in Resources */ = {isa = PBXBuildFile; fileRef = 4188F2B224670EC50084E04B /* GoogleService-Info.plist */; };
		41AF0CB424784DA400F57359 /* MainInterface.storyboard in Resources */ = {isa = PBXBuildFile; fileRef = 41AF0CB224784DA400F57359 /* MainInterface.storyboard */; };
		41AF0CB824784DA400F57359 /* BabetShare.appex in Embed App Extensions */ = {isa = PBXBuildFile; fileRef = 41AF0CAD24784DA400F57359 /* BabetShare.appex */; settings = {ATTRIBUTES = (RemoveHeadersOnCopy, ); }; };
		41AF0CBE24784F0E00F57359 /* BabetShare.m in Sources */ = {isa = PBXBuildFile; fileRef = 41AF0CBD24784F0E00F57359 /* BabetShare.m */; };
		41AF0CC22478645000F57359 /* GetDocumentData.js in Resources */ = {isa = PBXBuildFile; fileRef = 41AF0CC12478645000F57359 /* GetDocumentData.js */; };
		6E11FEED6238C070B5CCFBED /* libPods-babetmobile-dev.a in Frameworks */ = {isa = PBXBuildFile; fileRef = 53593F3417BCA52E6B0F1B6E /* libPods-babetmobile-dev.a */; };
		807D20E19C644F679EDB177D /* AvenirNext-DemiBoldItalic.ttf in Resources */ = {isa = PBXBuildFile; fileRef = 67164EBAA0184CC286479405 /* AvenirNext-DemiBoldItalic.ttf */; };
		88D7757894B34083A72DD2A1 /* AvenirNext-BoldItalic.ttf in Resources */ = {isa = PBXBuildFile; fileRef = AEA5C522570F4B93BE4648CD /* AvenirNext-BoldItalic.ttf */; };
		9067F2D2D851445DB587D64F /* AvenirNext-UltraLightItalic.ttf in Resources */ = {isa = PBXBuildFile; fileRef = 372520B949E94FC8A605C893 /* AvenirNext-UltraLightItalic.ttf */; };
		A9D48E9DD4814A24AD7AE3EC /* AvenirNext-MediumItalic.ttf in Resources */ = {isa = PBXBuildFile; fileRef = FE181B17483A418884FE3FF2 /* AvenirNext-MediumItalic.ttf */; };
		BAE70E39C4874C938BB3503B /* AvenirNext-Regular.ttf in Resources */ = {isa = PBXBuildFile; fileRef = 5658238EC15743BF81CA4D25 /* AvenirNext-Regular.ttf */; };
		CCDCFFF97278428B8A3B6FFF /* AvenirNext-Medium.ttf in Resources */ = {isa = PBXBuildFile; fileRef = 8329C9100A964B139FC17445 /* AvenirNext-Medium.ttf */; };
		F6100C06266E4697B79EB9EC /* AvenirNext-Italic.ttf in Resources */ = {isa = PBXBuildFile; fileRef = 3A2A60EEF4954F6E99DCA987 /* AvenirNext-Italic.ttf */; };
		F6CF214963874DD28C9DCDB9 /* AvenirNext-Heavy.ttf in Resources */ = {isa = PBXBuildFile; fileRef = 73500C059EC94B64AF4EE069 /* AvenirNext-Heavy.ttf */; };
		FE53D9FB2F3648E5B286ECD1 /* AvenirNext-UltraLight.ttf in Resources */ = {isa = PBXBuildFile; fileRef = EE9BBB540D5946DBBC2F775A /* AvenirNext-UltraLight.ttf */; };
/* End PBXBuildFile section */

/* Begin PBXContainerItemProxy section */
		41AF0CB624784DA400F57359 /* PBXContainerItemProxy */ = {
			isa = PBXContainerItemProxy;
			containerPortal = 83CBB9F71A601CBA00E9B192 /* Project object */;
			proxyType = 1;
			remoteGlobalIDString = 41AF0CAC24784DA400F57359;
			remoteInfo = BabetShare;
		};
/* End PBXContainerItemProxy section */

/* Begin PBXCopyFilesBuildPhase section */
		41AF0CB924784DA400F57359 /* Embed App Extensions */ = {
			isa = PBXCopyFilesBuildPhase;
			buildActionMask = 2147483647;
			dstPath = "";
			dstSubfolderSpec = 13;
			files = (
				41AF0CB824784DA400F57359 /* BabetShare.appex in Embed App Extensions */,
			);
			name = "Embed App Extensions";
			runOnlyForDeploymentPostprocessing = 0;
		};
/* End PBXCopyFilesBuildPhase section */

/* Begin PBXFileReference section */
		008F07F21AC5B25A0029DE68 /* main.jsbundle */ = {isa = PBXFileReference; fileEncoding = 4; lastKnownFileType = text; path = main.jsbundle; sourceTree = "<group>"; };
		00E356F11AD99517003FC87E /* Info.plist */ = {isa = PBXFileReference; lastKnownFileType = text.plist.xml; path = Info.plist; sourceTree = "<group>"; };
		00E356F21AD99517003FC87E /* babetmobileTests.m */ = {isa = PBXFileReference; lastKnownFileType = sourcecode.c.objc; path = babetmobileTests.m; sourceTree = "<group>"; };
		066A5CEBDD33C330CA2EC8D1 /* libPods-babetmobile-babetmobileTests.a */ = {isa = PBXFileReference; explicitFileType = archive.ar; includeInIndex = 0; path = "libPods-babetmobile-babetmobileTests.a"; sourceTree = BUILT_PRODUCTS_DIR; };
		07C9F49065494C4E8A3EE2E6 /* AvenirNext-Bold.ttf */ = {isa = PBXFileReference; explicitFileType = undefined; fileEncoding = 9; includeInIndex = 0; lastKnownFileType = unknown; name = "AvenirNext-Bold.ttf"; path = "../assets/fonts/AvenirNext/AvenirNext-Bold.ttf"; sourceTree = "<group>"; };
		13B07F961A680F5B00A75B9A /* babetmobile.app */ = {isa = PBXFileReference; explicitFileType = wrapper.application; includeInIndex = 0; path = babetmobile.app; sourceTree = BUILT_PRODUCTS_DIR; };
		13B07FAF1A68108700A75B9A /* AppDelegate.h */ = {isa = PBXFileReference; fileEncoding = 4; lastKnownFileType = sourcecode.c.h; name = AppDelegate.h; path = babetmobile/AppDelegate.h; sourceTree = "<group>"; };
		13B07FB01A68108700A75B9A /* AppDelegate.m */ = {isa = PBXFileReference; fileEncoding = 4; lastKnownFileType = sourcecode.c.objc; name = AppDelegate.m; path = babetmobile/AppDelegate.m; sourceTree = "<group>"; };
		13B07FB21A68108700A75B9A /* Base */ = {isa = PBXFileReference; lastKnownFileType = file.xib; name = Base; path = Base.lproj/LaunchScreen.xib; sourceTree = "<group>"; };
		13B07FB51A68108700A75B9A /* Images.xcassets */ = {isa = PBXFileReference; lastKnownFileType = folder.assetcatalog; name = Images.xcassets; path = babetmobile/Images.xcassets; sourceTree = "<group>"; };
		13B07FB61A68108700A75B9A /* Info.plist */ = {isa = PBXFileReference; fileEncoding = 4; lastKnownFileType = text.plist.xml; name = Info.plist; path = babetmobile/Info.plist; sourceTree = "<group>"; };
		13B07FB71A68108700A75B9A /* main.m */ = {isa = PBXFileReference; fileEncoding = 4; lastKnownFileType = sourcecode.c.objc; name = main.m; path = babetmobile/main.m; sourceTree = "<group>"; };
		16DB1DDC92377D58FB9883F3 /* libPods-babetmobile-dev-BabetShare.a */ = {isa = PBXFileReference; explicitFileType = archive.ar; includeInIndex = 0; path = "libPods-babetmobile-dev-BabetShare.a"; sourceTree = BUILT_PRODUCTS_DIR; };
		17612157111C8D8481863C7B /* libPods-babetmobile-tvOS.a */ = {isa = PBXFileReference; explicitFileType = archive.ar; includeInIndex = 0; path = "libPods-babetmobile-tvOS.a"; sourceTree = BUILT_PRODUCTS_DIR; };
		372520B949E94FC8A605C893 /* AvenirNext-UltraLightItalic.ttf */ = {isa = PBXFileReference; explicitFileType = undefined; fileEncoding = 9; includeInIndex = 0; lastKnownFileType = unknown; name = "AvenirNext-UltraLightItalic.ttf"; path = "../assets/fonts/AvenirNext/AvenirNext-UltraLightItalic.ttf"; sourceTree = "<group>"; };
		3A2A60EEF4954F6E99DCA987 /* AvenirNext-Italic.ttf */ = {isa = PBXFileReference; explicitFileType = undefined; fileEncoding = 9; includeInIndex = 0; lastKnownFileType = unknown; name = "AvenirNext-Italic.ttf"; path = "../assets/fonts/AvenirNext/AvenirNext-Italic.ttf"; sourceTree = "<group>"; };
		3C910D456ABC4956A0339441 /* AvenirNext-DemiBold.ttf */ = {isa = PBXFileReference; explicitFileType = undefined; fileEncoding = 9; includeInIndex = 0; lastKnownFileType = unknown; name = "AvenirNext-DemiBold.ttf"; path = "../assets/fonts/AvenirNext/AvenirNext-DemiBold.ttf"; sourceTree = "<group>"; };
		4188F28B24670B910084E04B /* babetmobile-dev copy-Info.plist */ = {isa = PBXFileReference; lastKnownFileType = text.plist.xml; name = "babetmobile-dev copy-Info.plist"; path = "/Users/benjaminmico/Code/babet.mobile/ios/babetmobile-dev copy-Info.plist"; sourceTree = "<absolute>"; };
		4188F28D24670B960084E04B /* Base */ = {isa = PBXFileReference; lastKnownFileType = file.xib; name = Base; path = "Resources-iPad/babetmobile/Base.lproj/LaunchScreen.xib"; sourceTree = "<group>"; };
		4188F2AB24670B9F0084E04B /* babetmobile-prod.app */ = {isa = PBXFileReference; explicitFileType = wrapper.application; includeInIndex = 0; path = "babetmobile-prod.app"; sourceTree = BUILT_PRODUCTS_DIR; };
		4188F2AC24670B9F0084E04B /* babetmobile-dev copy2-Info.plist */ = {isa = PBXFileReference; lastKnownFileType = text.plist.xml; name = "babetmobile-dev copy2-Info.plist"; path = "/Users/benjaminmico/Code/babet.mobile/ios/babetmobile-dev copy2-Info.plist"; sourceTree = "<absolute>"; };
		4188F2B224670EC50084E04B /* GoogleService-Info.plist */ = {isa = PBXFileReference; fileEncoding = 4; lastKnownFileType = text.plist.xml; name = "GoogleService-Info.plist"; path = "../../../../../Downloads/fjzeifeoz/GoogleService-Info.plist"; sourceTree = "<group>"; };
		41AF0CAD24784DA400F57359 /* BabetShare.appex */ = {isa = PBXFileReference; explicitFileType = "wrapper.app-extension"; includeInIndex = 0; path = BabetShare.appex; sourceTree = BUILT_PRODUCTS_DIR; };
		41AF0CB324784DA400F57359 /* Base */ = {isa = PBXFileReference; lastKnownFileType = file.storyboard; name = Base; path = Base.lproj/MainInterface.storyboard; sourceTree = "<group>"; };
		41AF0CB524784DA400F57359 /* Info.plist */ = {isa = PBXFileReference; lastKnownFileType = text.plist.xml; path = Info.plist; sourceTree = "<group>"; };
		41AF0CBD24784F0E00F57359 /* BabetShare.m */ = {isa = PBXFileReference; lastKnownFileType = sourcecode.c.objc; path = BabetShare.m; sourceTree = "<group>"; };
		41AF0CC12478645000F57359 /* GetDocumentData.js */ = {isa = PBXFileReference; fileEncoding = 4; lastKnownFileType = sourcecode.javascript; path = GetDocumentData.js; sourceTree = "<group>"; };
		45EC9C303D34A683CAE20167 /* Pods-babetmobile-babetmobileTests.debug.xcconfig */ = {isa = PBXFileReference; includeInIndex = 1; lastKnownFileType = text.xcconfig; name = "Pods-babetmobile-babetmobileTests.debug.xcconfig"; path = "Target Support Files/Pods-babetmobile-babetmobileTests/Pods-babetmobile-babetmobileTests.debug.xcconfig"; sourceTree = "<group>"; };
		53593F3417BCA52E6B0F1B6E /* libPods-babetmobile-dev.a */ = {isa = PBXFileReference; explicitFileType = archive.ar; includeInIndex = 0; path = "libPods-babetmobile-dev.a"; sourceTree = BUILT_PRODUCTS_DIR; };
		5658238EC15743BF81CA4D25 /* AvenirNext-Regular.ttf */ = {isa = PBXFileReference; explicitFileType = undefined; fileEncoding = 9; includeInIndex = 0; lastKnownFileType = unknown; name = "AvenirNext-Regular.ttf"; path = "../assets/fonts/AvenirNext/AvenirNext-Regular.ttf"; sourceTree = "<group>"; };
		5EA3B73EB418C7875FC63E50 /* Pods-babetmobile-tvOS.release.xcconfig */ = {isa = PBXFileReference; includeInIndex = 1; lastKnownFileType = text.xcconfig; name = "Pods-babetmobile-tvOS.release.xcconfig"; path = "Target Support Files/Pods-babetmobile-tvOS/Pods-babetmobile-tvOS.release.xcconfig"; sourceTree = "<group>"; };
		5F150D851EC0798854E48C33 /* libPods-babetmobile-tvOSTests.a */ = {isa = PBXFileReference; explicitFileType = archive.ar; includeInIndex = 0; path = "libPods-babetmobile-tvOSTests.a"; sourceTree = BUILT_PRODUCTS_DIR; };
		67164EBAA0184CC286479405 /* AvenirNext-DemiBoldItalic.ttf */ = {isa = PBXFileReference; explicitFileType = undefined; fileEncoding = 9; includeInIndex = 0; lastKnownFileType = unknown; name = "AvenirNext-DemiBoldItalic.ttf"; path = "../assets/fonts/AvenirNext/AvenirNext-DemiBoldItalic.ttf"; sourceTree = "<group>"; };
		72CE9B6CE76E92F6FDD39D89 /* Pods-babetmobile-dev.release.xcconfig */ = {isa = PBXFileReference; includeInIndex = 1; lastKnownFileType = text.xcconfig; name = "Pods-babetmobile-dev.release.xcconfig"; path = "Target Support Files/Pods-babetmobile-dev/Pods-babetmobile-dev.release.xcconfig"; sourceTree = "<group>"; };
		73500C059EC94B64AF4EE069 /* AvenirNext-Heavy.ttf */ = {isa = PBXFileReference; explicitFileType = undefined; fileEncoding = 9; includeInIndex = 0; lastKnownFileType = unknown; name = "AvenirNext-Heavy.ttf"; path = "../assets/fonts/AvenirNext/AvenirNext-Heavy.ttf"; sourceTree = "<group>"; };
		774044527AAE6DD1C38BB39B /* Pods-babetmobile-tvOS.debug.xcconfig */ = {isa = PBXFileReference; includeInIndex = 1; lastKnownFileType = text.xcconfig; name = "Pods-babetmobile-tvOS.debug.xcconfig"; path = "Target Support Files/Pods-babetmobile-tvOS/Pods-babetmobile-tvOS.debug.xcconfig"; sourceTree = "<group>"; };
		77A3063C95781714A4892D38 /* Pods-babetmobile-dev-BabetShare.debug.xcconfig */ = {isa = PBXFileReference; includeInIndex = 1; lastKnownFileType = text.xcconfig; name = "Pods-babetmobile-dev-BabetShare.debug.xcconfig"; path = "Target Support Files/Pods-babetmobile-dev-BabetShare/Pods-babetmobile-dev-BabetShare.debug.xcconfig"; sourceTree = "<group>"; };
		788E2380CC6551C18FD32485 /* Pods-babetmobile-babetmobileTests.release.xcconfig */ = {isa = PBXFileReference; includeInIndex = 1; lastKnownFileType = text.xcconfig; name = "Pods-babetmobile-babetmobileTests.release.xcconfig"; path = "Target Support Files/Pods-babetmobile-babetmobileTests/Pods-babetmobile-babetmobileTests.release.xcconfig"; sourceTree = "<group>"; };
		8329C9100A964B139FC17445 /* AvenirNext-Medium.ttf */ = {isa = PBXFileReference; explicitFileType = undefined; fileEncoding = 9; includeInIndex = 0; lastKnownFileType = unknown; name = "AvenirNext-Medium.ttf"; path = "../assets/fonts/AvenirNext/AvenirNext-Medium.ttf"; sourceTree = "<group>"; };
		8BD722E0236B39FE9775345D /* Pods-babetmobile-tvOSTests.debug.xcconfig */ = {isa = PBXFileReference; includeInIndex = 1; lastKnownFileType = text.xcconfig; name = "Pods-babetmobile-tvOSTests.debug.xcconfig"; path = "Target Support Files/Pods-babetmobile-tvOSTests/Pods-babetmobile-tvOSTests.debug.xcconfig"; sourceTree = "<group>"; };
		8DE60DB09B0D88DB7A30B45B /* Pods-babetmobile-dev.debug.xcconfig */ = {isa = PBXFileReference; includeInIndex = 1; lastKnownFileType = text.xcconfig; name = "Pods-babetmobile-dev.debug.xcconfig"; path = "Target Support Files/Pods-babetmobile-dev/Pods-babetmobile-dev.debug.xcconfig"; sourceTree = "<group>"; };
		91319D3482A24627B4C17D11 /* AvenirNext-HeavyItalic.ttf */ = {isa = PBXFileReference; explicitFileType = undefined; fileEncoding = 9; includeInIndex = 0; lastKnownFileType = unknown; name = "AvenirNext-HeavyItalic.ttf"; path = "../assets/fonts/AvenirNext/AvenirNext-HeavyItalic.ttf"; sourceTree = "<group>"; };
		AEA5C522570F4B93BE4648CD /* AvenirNext-BoldItalic.ttf */ = {isa = PBXFileReference; explicitFileType = undefined; fileEncoding = 9; includeInIndex = 0; lastKnownFileType = unknown; name = "AvenirNext-BoldItalic.ttf"; path = "../assets/fonts/AvenirNext/AvenirNext-BoldItalic.ttf"; sourceTree = "<group>"; };
		B228F524DEF794BC09040206 /* Pods-babetmobile-dev-BabetShare.release.xcconfig */ = {isa = PBXFileReference; includeInIndex = 1; lastKnownFileType = text.xcconfig; name = "Pods-babetmobile-dev-BabetShare.release.xcconfig"; path = "Target Support Files/Pods-babetmobile-dev-BabetShare/Pods-babetmobile-dev-BabetShare.release.xcconfig"; sourceTree = "<group>"; };
		ED297162215061F000B7C4FE /* JavaScriptCore.framework */ = {isa = PBXFileReference; lastKnownFileType = wrapper.framework; name = JavaScriptCore.framework; path = System/Library/Frameworks/JavaScriptCore.framework; sourceTree = SDKROOT; };
		ED2971642150620600B7C4FE /* JavaScriptCore.framework */ = {isa = PBXFileReference; lastKnownFileType = wrapper.framework; name = JavaScriptCore.framework; path = Platforms/AppleTVOS.platform/Developer/SDKs/AppleTVOS12.0.sdk/System/Library/Frameworks/JavaScriptCore.framework; sourceTree = DEVELOPER_DIR; };
		EE9BBB540D5946DBBC2F775A /* AvenirNext-UltraLight.ttf */ = {isa = PBXFileReference; explicitFileType = undefined; fileEncoding = 9; includeInIndex = 0; lastKnownFileType = unknown; name = "AvenirNext-UltraLight.ttf"; path = "../assets/fonts/AvenirNext/AvenirNext-UltraLight.ttf"; sourceTree = "<group>"; };
		F41A538167AE16216C00DE14 /* Pods-babetmobile-tvOSTests.release.xcconfig */ = {isa = PBXFileReference; includeInIndex = 1; lastKnownFileType = text.xcconfig; name = "Pods-babetmobile-tvOSTests.release.xcconfig"; path = "Target Support Files/Pods-babetmobile-tvOSTests/Pods-babetmobile-tvOSTests.release.xcconfig"; sourceTree = "<group>"; };
		FE181B17483A418884FE3FF2 /* AvenirNext-MediumItalic.ttf */ = {isa = PBXFileReference; explicitFileType = undefined; fileEncoding = 9; includeInIndex = 0; lastKnownFileType = unknown; name = "AvenirNext-MediumItalic.ttf"; path = "../assets/fonts/AvenirNext/AvenirNext-MediumItalic.ttf"; sourceTree = "<group>"; };
/* End PBXFileReference section */

/* Begin PBXFrameworksBuildPhase section */
		13B07F8C1A680F5B00A75B9A /* Frameworks */ = {
			isa = PBXFrameworksBuildPhase;
			buildActionMask = 2147483647;
			files = (
				6E11FEED6238C070B5CCFBED /* libPods-babetmobile-dev.a in Frameworks */,
			);
			runOnlyForDeploymentPostprocessing = 0;
		};
		4188F29524670B9F0084E04B /* Frameworks */ = {
			isa = PBXFrameworksBuildPhase;
			buildActionMask = 2147483647;
			files = (
			);
			runOnlyForDeploymentPostprocessing = 0;
		};
		41AF0CAA24784DA400F57359 /* Frameworks */ = {
			isa = PBXFrameworksBuildPhase;
			buildActionMask = 2147483647;
			files = (
				1C1FAF9BD4C4574FD7374D63 /* libPods-babetmobile-dev-BabetShare.a in Frameworks */,
			);
			runOnlyForDeploymentPostprocessing = 0;
		};
/* End PBXFrameworksBuildPhase section */

/* Begin PBXGroup section */
		00E356EF1AD99517003FC87E /* babetmobileTests */ = {
			isa = PBXGroup;
			children = (
				00E356F21AD99517003FC87E /* babetmobileTests.m */,
				00E356F01AD99517003FC87E /* Supporting Files */,
			);
			path = babetmobileTests;
			sourceTree = "<group>";
		};
		00E356F01AD99517003FC87E /* Supporting Files */ = {
			isa = PBXGroup;
			children = (
				00E356F11AD99517003FC87E /* Info.plist */,
			);
			name = "Supporting Files";
			sourceTree = "<group>";
		};
		13B07FAE1A68108700A75B9A /* babetmobile */ = {
			isa = PBXGroup;
			children = (
				008F07F21AC5B25A0029DE68 /* main.jsbundle */,
				13B07FAF1A68108700A75B9A /* AppDelegate.h */,
				13B07FB01A68108700A75B9A /* AppDelegate.m */,
				13B07FB51A68108700A75B9A /* Images.xcassets */,
				13B07FB61A68108700A75B9A /* Info.plist */,
				13B07FB11A68108700A75B9A /* LaunchScreen.xib */,
				13B07FB71A68108700A75B9A /* main.m */,
			);
			name = babetmobile;
			sourceTree = "<group>";
		};
		2D16E6871FA4F8E400B85C8A /* Frameworks */ = {
			isa = PBXGroup;
			children = (
				ED297162215061F000B7C4FE /* JavaScriptCore.framework */,
				ED2971642150620600B7C4FE /* JavaScriptCore.framework */,
				066A5CEBDD33C330CA2EC8D1 /* libPods-babetmobile-babetmobileTests.a */,
				17612157111C8D8481863C7B /* libPods-babetmobile-tvOS.a */,
				5F150D851EC0798854E48C33 /* libPods-babetmobile-tvOSTests.a */,
				53593F3417BCA52E6B0F1B6E /* libPods-babetmobile-dev.a */,
				16DB1DDC92377D58FB9883F3 /* libPods-babetmobile-dev-BabetShare.a */,
			);
			name = Frameworks;
			sourceTree = "<group>";
		};
		4188F28A24670B910084E04B /* Resources-iPad */ = {
			isa = PBXGroup;
			children = (
				4188F28C24670B960084E04B /* LaunchScreen.xib */,
			);
			name = "Resources-iPad";
			sourceTree = "<group>";
		};
		4188F2AF24670E350084E04B /* Firebase */ = {
			isa = PBXGroup;
			children = (
				4188F2B124670E710084E04B /* babetmobile-prod */,
				4188F2B024670E6A0084E04B /* babetmobile-dev */,
			);
			path = Firebase;
			sourceTree = "<group>";
		};
		4188F2B024670E6A0084E04B /* babetmobile-dev */ = {
			isa = PBXGroup;
			children = (
				4188F2B224670EC50084E04B /* GoogleService-Info.plist */,
			);
			path = "babetmobile-dev";
			sourceTree = "<group>";
		};
		4188F2B124670E710084E04B /* babetmobile-prod */ = {
			isa = PBXGroup;
			children = (
			);
			path = "babetmobile-prod";
			sourceTree = "<group>";
		};
		41AF0CAE24784DA400F57359 /* BabetShare */ = {
			isa = PBXGroup;
			children = (
				41AF0CC12478645000F57359 /* GetDocumentData.js */,
				41AF0CB224784DA400F57359 /* MainInterface.storyboard */,
				41AF0CB524784DA400F57359 /* Info.plist */,
				41AF0CBD24784F0E00F57359 /* BabetShare.m */,
			);
			path = BabetShare;
			sourceTree = "<group>";
		};
		75DCE1D9891849318AD21C0A /* Resources */ = {
			isa = PBXGroup;
			children = (
				07C9F49065494C4E8A3EE2E6 /* AvenirNext-Bold.ttf */,
				AEA5C522570F4B93BE4648CD /* AvenirNext-BoldItalic.ttf */,
				3C910D456ABC4956A0339441 /* AvenirNext-DemiBold.ttf */,
				67164EBAA0184CC286479405 /* AvenirNext-DemiBoldItalic.ttf */,
				73500C059EC94B64AF4EE069 /* AvenirNext-Heavy.ttf */,
				91319D3482A24627B4C17D11 /* AvenirNext-HeavyItalic.ttf */,
				3A2A60EEF4954F6E99DCA987 /* AvenirNext-Italic.ttf */,
				8329C9100A964B139FC17445 /* AvenirNext-Medium.ttf */,
				FE181B17483A418884FE3FF2 /* AvenirNext-MediumItalic.ttf */,
				5658238EC15743BF81CA4D25 /* AvenirNext-Regular.ttf */,
				EE9BBB540D5946DBBC2F775A /* AvenirNext-UltraLight.ttf */,
				372520B949E94FC8A605C893 /* AvenirNext-UltraLightItalic.ttf */,
			);
			name = Resources;
			sourceTree = "<group>";
		};
		832341AE1AAA6A7D00B99B32 /* Libraries */ = {
			isa = PBXGroup;
			children = (
			);
			name = Libraries;
			sourceTree = "<group>";
		};
		83CBB9F61A601CBA00E9B192 = {
			isa = PBXGroup;
			children = (
				4188F2AF24670E350084E04B /* Firebase */,
				13B07FAE1A68108700A75B9A /* babetmobile */,
				832341AE1AAA6A7D00B99B32 /* Libraries */,
				00E356EF1AD99517003FC87E /* babetmobileTests */,
				41AF0CAE24784DA400F57359 /* BabetShare */,
				83CBBA001A601CBA00E9B192 /* Products */,
				2D16E6871FA4F8E400B85C8A /* Frameworks */,
				91CAEFFA6CD738AF09B3BC01 /* Pods */,
				75DCE1D9891849318AD21C0A /* Resources */,
				4188F28A24670B910084E04B /* Resources-iPad */,
				4188F28B24670B910084E04B /* babetmobile-dev copy-Info.plist */,
				4188F2AC24670B9F0084E04B /* babetmobile-dev copy2-Info.plist */,
			);
			indentWidth = 2;
			sourceTree = "<group>";
			tabWidth = 2;
			usesTabs = 0;
		};
		83CBBA001A601CBA00E9B192 /* Products */ = {
			isa = PBXGroup;
			children = (
				13B07F961A680F5B00A75B9A /* babetmobile.app */,
				4188F2AB24670B9F0084E04B /* babetmobile-prod.app */,
				41AF0CAD24784DA400F57359 /* BabetShare.appex */,
			);
			name = Products;
			sourceTree = "<group>";
		};
		91CAEFFA6CD738AF09B3BC01 /* Pods */ = {
			isa = PBXGroup;
			children = (
				45EC9C303D34A683CAE20167 /* Pods-babetmobile-babetmobileTests.debug.xcconfig */,
				788E2380CC6551C18FD32485 /* Pods-babetmobile-babetmobileTests.release.xcconfig */,
				774044527AAE6DD1C38BB39B /* Pods-babetmobile-tvOS.debug.xcconfig */,
				5EA3B73EB418C7875FC63E50 /* Pods-babetmobile-tvOS.release.xcconfig */,
				8BD722E0236B39FE9775345D /* Pods-babetmobile-tvOSTests.debug.xcconfig */,
				F41A538167AE16216C00DE14 /* Pods-babetmobile-tvOSTests.release.xcconfig */,
				8DE60DB09B0D88DB7A30B45B /* Pods-babetmobile-dev.debug.xcconfig */,
				72CE9B6CE76E92F6FDD39D89 /* Pods-babetmobile-dev.release.xcconfig */,
				77A3063C95781714A4892D38 /* Pods-babetmobile-dev-BabetShare.debug.xcconfig */,
				B228F524DEF794BC09040206 /* Pods-babetmobile-dev-BabetShare.release.xcconfig */,
			);
			path = Pods;
			sourceTree = "<group>";
		};
/* End PBXGroup section */

/* Begin PBXNativeTarget section */
		13B07F861A680F5B00A75B9A /* babetmobile-dev */ = {
			isa = PBXNativeTarget;
			buildConfigurationList = 13B07F931A680F5B00A75B9A /* Build configuration list for PBXNativeTarget "babetmobile-dev" */;
			buildPhases = (
				1E7C92522B8ACCF5D1F1E18C /* [CP] Check Pods Manifest.lock */,
				FD10A7F022414F080027D42C /* Start Packager */,
				13B07F871A680F5B00A75B9A /* Sources */,
				13B07F8C1A680F5B00A75B9A /* Frameworks */,
				13B07F8E1A680F5B00A75B9A /* Resources */,
				00DD1BFF1BD5951E006B06BC /* Bundle React Native code and images */,
				1AD66A4C3841D9B2A881FFAC /* [CP-User] [RNFB] Core Configuration */,
				4188F2AD24670D090084E04B /* Setup Firebase plist files */,
				41AF0CB924784DA400F57359 /* Embed App Extensions */,
			);
			buildRules = (
			);
			dependencies = (
				41AF0CB724784DA400F57359 /* PBXTargetDependency */,
			);
			name = "babetmobile-dev";
			productName = babetmobile;
			productReference = 13B07F961A680F5B00A75B9A /* babetmobile.app */;
			productType = "com.apple.product-type.application";
		};
		4188F28F24670B9F0084E04B /* babetmobile-prod */ = {
			isa = PBXNativeTarget;
			buildConfigurationList = 4188F2A824670B9F0084E04B /* Build configuration list for PBXNativeTarget "babetmobile-prod" */;
			buildPhases = (
				4188F29124670B9F0084E04B /* Start Packager */,
				4188F29224670B9F0084E04B /* Sources */,
				4188F29524670B9F0084E04B /* Frameworks */,
				4188F29724670B9F0084E04B /* Resources */,
				4188F2A624670B9F0084E04B /* Bundle React Native code and images */,
				4188F2AE24670D720084E04B /* Setup Firebase plist files */,
			);
			buildRules = (
			);
			dependencies = (
			);
			name = "babetmobile-prod";
			productName = babetmobile;
			productReference = 4188F2AB24670B9F0084E04B /* babetmobile-prod.app */;
			productType = "com.apple.product-type.application";
		};
		41AF0CAC24784DA400F57359 /* BabetShare */ = {
			isa = PBXNativeTarget;
			buildConfigurationList = 41AF0CBC24784DA400F57359 /* Build configuration list for PBXNativeTarget "BabetShare" */;
			buildPhases = (
				ACBCD5DC815BCDF277883CC3 /* [CP] Check Pods Manifest.lock */,
				41AF0CA924784DA400F57359 /* Sources */,
				41AF0CAA24784DA400F57359 /* Frameworks */,
				41AF0CAB24784DA400F57359 /* Resources */,
				41AF0CC024785B3D00F57359 /* ShellScript */,
			);
			buildRules = (
			);
			dependencies = (
			);
			name = BabetShare;
			productName = BabetShare;
			productReference = 41AF0CAD24784DA400F57359 /* BabetShare.appex */;
			productType = "com.apple.product-type.app-extension";
		};
/* End PBXNativeTarget section */

/* Begin PBXProject section */
		83CBB9F71A601CBA00E9B192 /* Project object */ = {
			isa = PBXProject;
			attributes = {
				LastUpgradeCheck = 1130;
				TargetAttributes = {
					13B07F861A680F5B00A75B9A = {
						DevelopmentTeam = 4E7NWZLU53;
						LastSwiftMigration = 1120;
					};
					4188F28F24670B9F0084E04B = {
						DevelopmentTeam = 4E7NWZLU53;
					};
					41AF0CAC24784DA400F57359 = {
						CreatedOnToolsVersion = 11.2.1;
						DevelopmentTeam = 4E7NWZLU53;
						ProvisioningStyle = Automatic;
					};
				};
			};
			buildConfigurationList = 83CBB9FA1A601CBA00E9B192 /* Build configuration list for PBXProject "babetmobile" */;
			compatibilityVersion = "Xcode 3.2";
			developmentRegion = en;
			hasScannedForEncodings = 0;
			knownRegions = (
				en,
				Base,
			);
			mainGroup = 83CBB9F61A601CBA00E9B192;
			productRefGroup = 83CBBA001A601CBA00E9B192 /* Products */;
			projectDirPath = "";
			projectRoot = "";
			targets = (
				13B07F861A680F5B00A75B9A /* babetmobile-dev */,
				4188F28F24670B9F0084E04B /* babetmobile-prod */,
				41AF0CAC24784DA400F57359 /* BabetShare */,
			);
		};
/* End PBXProject section */

/* Begin PBXResourcesBuildPhase section */
		13B07F8E1A680F5B00A75B9A /* Resources */ = {
			isa = PBXResourcesBuildPhase;
			buildActionMask = 2147483647;
			files = (
				13B07FBF1A68108700A75B9A /* Images.xcassets in Resources */,
				13B07FBD1A68108700A75B9A /* LaunchScreen.xib in Resources */,
				4188F2B324670EC50084E04B /* GoogleService-Info.plist in Resources */,
				324D0474A15041C9B8FB8F3A /* AvenirNext-Bold.ttf in Resources */,
				88D7757894B34083A72DD2A1 /* AvenirNext-BoldItalic.ttf in Resources */,
				0C214DE558D946EF98703F74 /* AvenirNext-DemiBold.ttf in Resources */,
				807D20E19C644F679EDB177D /* AvenirNext-DemiBoldItalic.ttf in Resources */,
				F6CF214963874DD28C9DCDB9 /* AvenirNext-Heavy.ttf in Resources */,
				196BAB18C5C2444A886B3B3A /* AvenirNext-HeavyItalic.ttf in Resources */,
				F6100C06266E4697B79EB9EC /* AvenirNext-Italic.ttf in Resources */,
				CCDCFFF97278428B8A3B6FFF /* AvenirNext-Medium.ttf in Resources */,
				A9D48E9DD4814A24AD7AE3EC /* AvenirNext-MediumItalic.ttf in Resources */,
				BAE70E39C4874C938BB3503B /* AvenirNext-Regular.ttf in Resources */,
				FE53D9FB2F3648E5B286ECD1 /* AvenirNext-UltraLight.ttf in Resources */,
				9067F2D2D851445DB587D64F /* AvenirNext-UltraLightItalic.ttf in Resources */,
			);
			runOnlyForDeploymentPostprocessing = 0;
		};
		4188F29724670B9F0084E04B /* Resources */ = {
			isa = PBXResourcesBuildPhase;
			buildActionMask = 2147483647;
			files = (
				4188F29824670B9F0084E04B /* Images.xcassets in Resources */,
				4188F29924670B9F0084E04B /* LaunchScreen.xib in Resources */,
				4188F29A24670B9F0084E04B /* AvenirNext-Bold.ttf in Resources */,
				4188F29B24670B9F0084E04B /* AvenirNext-BoldItalic.ttf in Resources */,
				4188F29C24670B9F0084E04B /* AvenirNext-DemiBold.ttf in Resources */,
				4188F29D24670B9F0084E04B /* AvenirNext-DemiBoldItalic.ttf in Resources */,
				4188F29E24670B9F0084E04B /* AvenirNext-Heavy.ttf in Resources */,
				4188F29F24670B9F0084E04B /* AvenirNext-HeavyItalic.ttf in Resources */,
				4188F2A024670B9F0084E04B /* AvenirNext-Italic.ttf in Resources */,
				4188F2A124670B9F0084E04B /* AvenirNext-Medium.ttf in Resources */,
				4188F2A224670B9F0084E04B /* AvenirNext-MediumItalic.ttf in Resources */,
				4188F2A324670B9F0084E04B /* AvenirNext-Regular.ttf in Resources */,
				4188F2A424670B9F0084E04B /* AvenirNext-UltraLight.ttf in Resources */,
				4188F2A524670B9F0084E04B /* AvenirNext-UltraLightItalic.ttf in Resources */,
			);
			runOnlyForDeploymentPostprocessing = 0;
		};
		41AF0CAB24784DA400F57359 /* Resources */ = {
			isa = PBXResourcesBuildPhase;
			buildActionMask = 2147483647;
			files = (
				41AF0CC22478645000F57359 /* GetDocumentData.js in Resources */,
				41AF0CB424784DA400F57359 /* MainInterface.storyboard in Resources */,
			);
			runOnlyForDeploymentPostprocessing = 0;
		};
/* End PBXResourcesBuildPhase section */

/* Begin PBXShellScriptBuildPhase section */
		00DD1BFF1BD5951E006B06BC /* Bundle React Native code and images */ = {
			isa = PBXShellScriptBuildPhase;
			buildActionMask = 2147483647;
			files = (
			);
			inputPaths = (
			);
			name = "Bundle React Native code and images";
			outputPaths = (
			);
			runOnlyForDeploymentPostprocessing = 0;
			shellPath = /bin/sh;
			shellScript = "export NODE_BINARY=node\n../node_modules/react-native/scripts/react-native-xcode.sh\n";
		};
		1AD66A4C3841D9B2A881FFAC /* [CP-User] [RNFB] Core Configuration */ = {
			isa = PBXShellScriptBuildPhase;
			buildActionMask = 2147483647;
			files = (
			);
			name = "[CP-User] [RNFB] Core Configuration";
			runOnlyForDeploymentPostprocessing = 0;
			shellPath = /bin/sh;
			shellScript = "#!/usr/bin/env bash\n#\n# Copyright (c) 2016-present Invertase Limited & Contributors\n#\n# Licensed under the Apache License, Version 2.0 (the \"License\");\n# you may not use this library except in compliance with the License.\n# You may obtain a copy of the License at\n#\n#   http://www.apache.org/licenses/LICENSE-2.0\n#\n# Unless required by applicable law or agreed to in writing, software\n# distributed under the License is distributed on an \"AS IS\" BASIS,\n# WITHOUT WARRANTIES OR CONDITIONS OF ANY KIND, either express or implied.\n# See the License for the specific language governing permissions and\n# limitations under the License.\n#\nset -e\n\n_MAX_LOOKUPS=2;\n_SEARCH_RESULT=''\n_RN_ROOT_EXISTS=''\n_CURRENT_LOOKUPS=1\n_JSON_ROOT=\"'react-native'\"\n_JSON_FILE_NAME='firebase.json'\n_JSON_OUTPUT_BASE64='e30=' # { }\n_CURRENT_SEARCH_DIR=${PROJECT_DIR}\n_PLIST_BUDDY=/usr/libexec/PlistBuddy\n_TARGET_PLIST=\"${BUILT_PRODUCTS_DIR}/${INFOPLIST_PATH}\"\n_DSYM_PLIST=\"${DWARF_DSYM_FOLDER_PATH}/${DWARF_DSYM_FILE_NAME}/Contents/Info.plist\"\n\n# plist arrays\n_PLIST_ENTRY_KEYS=()\n_PLIST_ENTRY_TYPES=()\n_PLIST_ENTRY_VALUES=()\n\nfunction setPlistValue {\n  echo \"info:      setting plist entry '$1' of type '$2' in file '$4'\"\n  ${_PLIST_BUDDY} -c \"Add :$1 $2 '$3'\" $4 || echo \"info:      '$1' already exists\"\n}\n\nfunction getFirebaseJsonKeyValue () {\n  if [[ ${_RN_ROOT_EXISTS} ]]; then\n    ruby -e \"require 'rubygems';require 'json'; output=JSON.parse('$1'); puts output[$_JSON_ROOT]['$2']\"\n  else\n    echo \"\"\n  fi;\n}\n\nfunction jsonBoolToYesNo () {\n  if [[ $1 == \"false\" ]]; then\n    echo \"NO\"\n  elif [[ $1 == \"true\" ]]; then\n    echo \"YES\"\n  else echo \"NO\"\n  fi\n}\n\necho \"info: -> RNFB build script started\"\necho \"info: 1) Locating ${_JSON_FILE_NAME} file:\"\n\nif [[ -z ${_CURRENT_SEARCH_DIR} ]]; then\n  _CURRENT_SEARCH_DIR=$(pwd)\nfi;\n\nwhile true; do\n  _CURRENT_SEARCH_DIR=$(dirname \"$_CURRENT_SEARCH_DIR\")\n  if [[ \"$_CURRENT_SEARCH_DIR\" == \"/\" ]] || [[ ${_CURRENT_LOOKUPS} -gt ${_MAX_LOOKUPS} ]]; then break; fi;\n  echo \"info:      ($_CURRENT_LOOKUPS of $_MAX_LOOKUPS) Searching in '$_CURRENT_SEARCH_DIR' for a ${_JSON_FILE_NAME} file.\"\n  _SEARCH_RESULT=$(find \"$_CURRENT_SEARCH_DIR\" -maxdepth 2 -name ${_JSON_FILE_NAME} -print | head -n 1)\n  if [[ ${_SEARCH_RESULT} ]]; then\n    echo \"info:      ${_JSON_FILE_NAME} found at $_SEARCH_RESULT\"\n    break;\n  fi;\n  _CURRENT_LOOKUPS=$((_CURRENT_LOOKUPS+1))\ndone\n\nif [[ ${_SEARCH_RESULT} ]]; then\n  _JSON_OUTPUT_RAW=$(cat \"${_SEARCH_RESULT}\")\n  _RN_ROOT_EXISTS=$(ruby -e \"require 'rubygems';require 'json'; output=JSON.parse('$_JSON_OUTPUT_RAW'); puts output[$_JSON_ROOT]\" || echo '')\n\n  if [[ ${_RN_ROOT_EXISTS} ]]; then\n    _JSON_OUTPUT_BASE64=$(python -c 'import json,sys,base64;print(base64.b64encode(json.dumps(json.loads(open('\"'${_SEARCH_RESULT}'\"').read())['${_JSON_ROOT}'])))' || echo \"e30=\")\n  fi\n\n  _PLIST_ENTRY_KEYS+=(\"firebase_json_raw\")\n  _PLIST_ENTRY_TYPES+=(\"string\")\n  _PLIST_ENTRY_VALUES+=(\"$_JSON_OUTPUT_BASE64\")\n\n  # config.messaging_auto_init_enabled\n  _MESSAGING_AUTO_INIT=$(getFirebaseJsonKeyValue \"$_JSON_OUTPUT_RAW\" \"messaging_auto_init_enabled\")\n  if [[ $_MESSAGING_AUTO_INIT ]]; then\n    _PLIST_ENTRY_KEYS+=(\"FirebaseMessagingAutoInitEnabled\")\n    _PLIST_ENTRY_TYPES+=(\"bool\")\n    _PLIST_ENTRY_VALUES+=(\"$(jsonBoolToYesNo \"$_MESSAGING_AUTO_INIT\")\")\n  fi\n\n  # config.crashlytics_disable_auto_disabler - undocumented for now - mainly for debugging, document if becomes usful\n  _CRASHLYTICS_AUTO_DISABLE_ENABLED=$(getFirebaseJsonKeyValue \"$_JSON_OUTPUT_RAW\" \"crashlytics_disable_auto_disabler\")\n  if [[ $_CRASHLYTICS_AUTO_DISABLE_ENABLED == \"true\" ]]; then\n    echo \"Disabled Crashlytics auto disabler.\" # do nothing\n  else\n    _PLIST_ENTRY_KEYS+=(\"firebase_crashlytics_collection_enabled\")\n    _PLIST_ENTRY_TYPES+=(\"bool\")\n    _PLIST_ENTRY_VALUES+=(\"NO\")\n  fi\n\n  # config.admob_delay_app_measurement_init\n  _ADMOB_DELAY_APP_MEASUREMENT=$(getFirebaseJsonKeyValue \"$_JSON_OUTPUT_RAW\" \"admob_delay_app_measurement_init\")\n  if [[ $_ADMOB_DELAY_APP_MEASUREMENT == \"true\" ]]; then\n    _PLIST_ENTRY_KEYS+=(\"GADDelayAppMeasurementInit\")\n    _PLIST_ENTRY_TYPES+=(\"bool\")\n    _PLIST_ENTRY_VALUES+=(\"YES\")\n  fi\n\n  # config.admob_ios_app_id\n  _ADMOB_IOS_APP_ID=$(getFirebaseJsonKeyValue \"$_JSON_OUTPUT_RAW\" \"admob_ios_app_id\")\n  if [[ $_ADMOB_IOS_APP_ID ]]; then\n    _PLIST_ENTRY_KEYS+=(\"GADApplicationIdentifier\")\n    _PLIST_ENTRY_TYPES+=(\"string\")\n    _PLIST_ENTRY_VALUES+=(\"$_ADMOB_IOS_APP_ID\")\n  fi\nelse\n  _PLIST_ENTRY_KEYS+=(\"firebase_json_raw\")\n  _PLIST_ENTRY_TYPES+=(\"string\")\n  _PLIST_ENTRY_VALUES+=(\"$_JSON_OUTPUT_BASE64\")\n  echo \"warning:   A firebase.json file was not found, whilst this file is optional it is recommended to include it to configure firebase services in React Native Firebase.\"\nfi;\n\necho \"info: 2) Injecting Info.plist entries: \"\n\n# Log out the keys we're adding\nfor i in \"${!_PLIST_ENTRY_KEYS[@]}\"; do\n  echo \"    ->  $i) ${_PLIST_ENTRY_KEYS[$i]}\" \"${_PLIST_ENTRY_TYPES[$i]}\" \"${_PLIST_ENTRY_VALUES[$i]}\"\ndone\n\nfor plist in \"${_TARGET_PLIST}\" \"${_DSYM_PLIST}\" ; do\n  if [[ -f \"${plist}\" ]]; then\n\n    # paths with spaces break the call to setPlistValue. temporarily modify\n    # the shell internal field separator variable (IFS), which normally \n    # includes spaces, to consist only of line breaks\n    oldifs=$IFS\n    IFS=\"\n\"\n\n    for i in \"${!_PLIST_ENTRY_KEYS[@]}\"; do\n      setPlistValue \"${_PLIST_ENTRY_KEYS[$i]}\" \"${_PLIST_ENTRY_TYPES[$i]}\" \"${_PLIST_ENTRY_VALUES[$i]}\" \"${plist}\"\n    done\n\n    # restore the original internal field separator value\n    IFS=$oldifs\n  else\n    echo \"warning:   A Info.plist build output file was not found (${plist})\"\n  fi\ndone\n\necho \"info: <- RNFB build script finished\"\n\n";
		};
		1E7C92522B8ACCF5D1F1E18C /* [CP] Check Pods Manifest.lock */ = {
			isa = PBXShellScriptBuildPhase;
			buildActionMask = 2147483647;
			files = (
			);
			inputFileListPaths = (
			);
			inputPaths = (
				"${PODS_PODFILE_DIR_PATH}/Podfile.lock",
				"${PODS_ROOT}/Manifest.lock",
			);
			name = "[CP] Check Pods Manifest.lock";
			outputFileListPaths = (
			);
			outputPaths = (
				"$(DERIVED_FILE_DIR)/Pods-babetmobile-dev-checkManifestLockResult.txt",
			);
			runOnlyForDeploymentPostprocessing = 0;
			shellPath = /bin/sh;
			shellScript = "diff \"${PODS_PODFILE_DIR_PATH}/Podfile.lock\" \"${PODS_ROOT}/Manifest.lock\" > /dev/null\nif [ $? != 0 ] ; then\n    # print error to STDERR\n    echo \"error: The sandbox is not in sync with the Podfile.lock. Run 'pod install' or update your CocoaPods installation.\" >&2\n    exit 1\nfi\n# This output is used by Xcode 'outputs' to avoid re-running this script phase.\necho \"SUCCESS\" > \"${SCRIPT_OUTPUT_FILE_0}\"\n";
			showEnvVarsInLog = 0;
		};
		4188F29124670B9F0084E04B /* Start Packager */ = {
			isa = PBXShellScriptBuildPhase;
			buildActionMask = 2147483647;
			files = (
			);
			inputFileListPaths = (
			);
			inputPaths = (
			);
			name = "Start Packager";
			outputFileListPaths = (
			);
			outputPaths = (
			);
			runOnlyForDeploymentPostprocessing = 0;
			shellPath = /bin/sh;
			shellScript = "export RCT_METRO_PORT=\"${RCT_METRO_PORT:=8081}\"\necho \"export RCT_METRO_PORT=${RCT_METRO_PORT}\" > \"${SRCROOT}/../node_modules/react-native/scripts/.packager.env\"\nif [ -z \"${RCT_NO_LAUNCH_PACKAGER+xxx}\" ] ; then\n  if nc -w 5 -z localhost ${RCT_METRO_PORT} ; then\n    if ! curl -s \"http://localhost:${RCT_METRO_PORT}/status\" | grep -q \"packager-status:running\" ; then\n      echo \"Port ${RCT_METRO_PORT} already in use, packager is either not running or not running correctly\"\n      exit 2\n    fi\n  else\n    open \"$SRCROOT/../node_modules/react-native/scripts/launchPackager.command\" || echo \"Can't start packager automatically\"\n  fi\nfi\n";
			showEnvVarsInLog = 0;
		};
		4188F2A624670B9F0084E04B /* Bundle React Native code and images */ = {
			isa = PBXShellScriptBuildPhase;
			buildActionMask = 2147483647;
			files = (
			);
			inputPaths = (
			);
			name = "Bundle React Native code and images";
			outputPaths = (
			);
			runOnlyForDeploymentPostprocessing = 0;
			shellPath = /bin/sh;
			shellScript = "export NODE_BINARY=node\n../node_modules/react-native/scripts/react-native-xcode.sh";
		};
		4188F2AD24670D090084E04B /* Setup Firebase plist files */ = {
			isa = PBXShellScriptBuildPhase;
			buildActionMask = 2147483647;
			files = (
			);
			inputFileListPaths = (
			);
			inputPaths = (
			);
			name = "Setup Firebase plist files";
			outputFileListPaths = (
			);
			outputPaths = (
			);
			runOnlyForDeploymentPostprocessing = 0;
			shellPath = /bin/sh;
			shellScript = "# Type a script or drag a script file from your workspace to insert its path.\n# Name of the resource to copy\nINFO_PLIST_FILE=GoogleService-Info.plist\n \n# Get references to babetmobile-dev or babetmobile-prod versions of the plist file\nTARGET_INFO_PLIST_FILE=${PROJECT_DIR}/Firebase/${TARGET_NAME}/${INFO_PLIST_FILE}\n \n \n# Make sure the selected babetmobile-dev or babetmobile-prod version exists\necho \"Looking for ${INFO_PLIST_FILE} in ${TARGET_INFO_PLIST_FILE}\"\nif [ ! -f $TARGET_INFO_PLIST_FILE ] ; then\n    echo \"File GoogleService-Info.plist ($TARGET_NAME) not found.\"\n    exit 1\nfi\n \n \n# Get a reference to the destination location for the plist file\nPLIST_DESTINATION=${BUILT_PRODUCTS_DIR}/${PRODUCT_NAME}.app\necho \"Copying ${INFO_PLIST_FILE} to final destination: ${PLIST_DESTINATION}\"\n \n# Copy the appropiate file to app bundle\ncp ${TARGET_INFO_PLIST_FILE} GoogleService-Info.plist\ncp \"GoogleService-Info.plist\" \"${PLIST_DESTINATION}\"\necho \"File ${DIRECT_INFO_PLIST_FILE} copied\"\n\n";
		};
		4188F2AE24670D720084E04B /* Setup Firebase plist files */ = {
			isa = PBXShellScriptBuildPhase;
			buildActionMask = 2147483647;
			files = (
			);
			inputFileListPaths = (
			);
			inputPaths = (
			);
			name = "Setup Firebase plist files";
			outputFileListPaths = (
			);
			outputPaths = (
			);
			runOnlyForDeploymentPostprocessing = 0;
			shellPath = /bin/sh;
			shellScript = "# Type a script or drag a script file from your workspace to insert its path.\n# Name of the resource to copy\nINFO_PLIST_FILE=GoogleService-Info-${CONFIGURATION}.plist\n \n# Get references to babetmobile-dev or babetmobile-prod versions of the plist file\nTARGET_INFO_PLIST_FILE=${PROJECT_DIR}/Firebase/${CONFIGURATION}/${INFO_PLIST_FILE}\n \n \n# Make sure the selected babetmobile-dev or babetmobile-prod version exists\necho \"Looking for ${INFO_PLIST_FILE} in ${TARGET_INFO_PLIST_FILE}\"\nif [ ! -f $TARGET_INFO_PLIST_FILE ] ; then\n    echo \"File GoogleService-Info.plist ($TARGET_NAME) not found.\"\n    exit 1\nfi\n \n \n# Get a reference to the destination location for the plist file\nPLIST_DESTINATION=${BUILT_PRODUCTS_DIR}/${PRODUCT_NAME}.app\necho \"Copying ${INFO_PLIST_FILE} to final destination: ${PLIST_DESTINATION}\"\n \n# Copy the appropiate file to app bundle\ncp ${TARGET_INFO_PLIST_FILE} GoogleService-Info.plist\ncp \"GoogleService-Info.plist\" \"${PLIST_DESTINATION}\"\necho \"File ${DIRECT_INFO_PLIST_FILE} copied\"\n\n";
		};
		41AF0CC024785B3D00F57359 /* ShellScript */ = {
			isa = PBXShellScriptBuildPhase;
			buildActionMask = 2147483647;
			files = (
			);
			inputFileListPaths = (
			);
			inputPaths = (
			);
			outputFileListPaths = (
			);
			outputPaths = (
			);
			runOnlyForDeploymentPostprocessing = 0;
			shellPath = /bin/sh;
			shellScript = "# Type a script or drag a script file from your workspace to insert its path.\nexport NODE_BINARY=node\n../node_modules/react-native/scripts/react-native-xcode.sh\n";
		};
		ACBCD5DC815BCDF277883CC3 /* [CP] Check Pods Manifest.lock */ = {
			isa = PBXShellScriptBuildPhase;
			buildActionMask = 2147483647;
			files = (
			);
			inputFileListPaths = (
			);
			inputPaths = (
				"${PODS_PODFILE_DIR_PATH}/Podfile.lock",
				"${PODS_ROOT}/Manifest.lock",
			);
			name = "[CP] Check Pods Manifest.lock";
			outputFileListPaths = (
			);
			outputPaths = (
				"$(DERIVED_FILE_DIR)/Pods-babetmobile-dev-BabetShare-checkManifestLockResult.txt",
			);
			runOnlyForDeploymentPostprocessing = 0;
			shellPath = /bin/sh;
			shellScript = "diff \"${PODS_PODFILE_DIR_PATH}/Podfile.lock\" \"${PODS_ROOT}/Manifest.lock\" > /dev/null\nif [ $? != 0 ] ; then\n    # print error to STDERR\n    echo \"error: The sandbox is not in sync with the Podfile.lock. Run 'pod install' or update your CocoaPods installation.\" >&2\n    exit 1\nfi\n# This output is used by Xcode 'outputs' to avoid re-running this script phase.\necho \"SUCCESS\" > \"${SCRIPT_OUTPUT_FILE_0}\"\n";
			showEnvVarsInLog = 0;
		};
		FD10A7F022414F080027D42C /* Start Packager */ = {
			isa = PBXShellScriptBuildPhase;
			buildActionMask = 2147483647;
			files = (
			);
			inputFileListPaths = (
			);
			inputPaths = (
			);
			name = "Start Packager";
			outputFileListPaths = (
			);
			outputPaths = (
			);
			runOnlyForDeploymentPostprocessing = 0;
			shellPath = /bin/sh;
			shellScript = "export RCT_METRO_PORT=\"${RCT_METRO_PORT:=8081}\"\necho \"export RCT_METRO_PORT=${RCT_METRO_PORT}\" > \"${SRCROOT}/../node_modules/react-native/scripts/.packager.env\"\nif [ -z \"${RCT_NO_LAUNCH_PACKAGER+xxx}\" ] ; then\n  if nc -w 5 -z localhost ${RCT_METRO_PORT} ; then\n    if ! curl -s \"http://localhost:${RCT_METRO_PORT}/status\" | grep -q \"packager-status:running\" ; then\n      echo \"Port ${RCT_METRO_PORT} already in use, packager is either not running or not running correctly\"\n      exit 2\n    fi\n  else\n    open \"$SRCROOT/../node_modules/react-native/scripts/launchPackager.command\" || echo \"Can't start packager automatically\"\n  fi\nfi\n";
			showEnvVarsInLog = 0;
		};
/* End PBXShellScriptBuildPhase section */

/* Begin PBXSourcesBuildPhase section */
		13B07F871A680F5B00A75B9A /* Sources */ = {
			isa = PBXSourcesBuildPhase;
			buildActionMask = 2147483647;
			files = (
				13B07FBC1A68108700A75B9A /* AppDelegate.m in Sources */,
				13B07FC11A68108700A75B9A /* main.m in Sources */,
			);
			runOnlyForDeploymentPostprocessing = 0;
		};
		4188F29224670B9F0084E04B /* Sources */ = {
			isa = PBXSourcesBuildPhase;
			buildActionMask = 2147483647;
			files = (
				4188F29324670B9F0084E04B /* AppDelegate.m in Sources */,
				4188F29424670B9F0084E04B /* main.m in Sources */,
			);
			runOnlyForDeploymentPostprocessing = 0;
		};
		41AF0CA924784DA400F57359 /* Sources */ = {
			isa = PBXSourcesBuildPhase;
			buildActionMask = 2147483647;
			files = (
				41AF0CBE24784F0E00F57359 /* BabetShare.m in Sources */,
			);
			runOnlyForDeploymentPostprocessing = 0;
		};
/* End PBXSourcesBuildPhase section */

/* Begin PBXTargetDependency section */
		41AF0CB724784DA400F57359 /* PBXTargetDependency */ = {
			isa = PBXTargetDependency;
			target = 41AF0CAC24784DA400F57359 /* BabetShare */;
			targetProxy = 41AF0CB624784DA400F57359 /* PBXContainerItemProxy */;
		};
/* End PBXTargetDependency section */

/* Begin PBXVariantGroup section */
		13B07FB11A68108700A75B9A /* LaunchScreen.xib */ = {
			isa = PBXVariantGroup;
			children = (
				13B07FB21A68108700A75B9A /* Base */,
			);
			name = LaunchScreen.xib;
			path = babetmobile;
			sourceTree = "<group>";
		};
		4188F28C24670B960084E04B /* LaunchScreen.xib */ = {
			isa = PBXVariantGroup;
			children = (
				4188F28D24670B960084E04B /* Base */,
			);
			name = LaunchScreen.xib;
			sourceTree = "<group>";
		};
		41AF0CB224784DA400F57359 /* MainInterface.storyboard */ = {
			isa = PBXVariantGroup;
			children = (
				41AF0CB324784DA400F57359 /* Base */,
			);
			name = MainInterface.storyboard;
			sourceTree = "<group>";
		};
/* End PBXVariantGroup section */

/* Begin XCBuildConfiguration section */
		13B07F941A680F5B00A75B9A /* Debug */ = {
			isa = XCBuildConfiguration;
			baseConfigurationReference = 8DE60DB09B0D88DB7A30B45B /* Pods-babetmobile-dev.debug.xcconfig */;
			buildSettings = {
				ASSETCATALOG_COMPILER_APPICON_NAME = AppIcon;
				CLANG_ENABLE_MODULES = YES;
				CURRENT_PROJECT_VERSION = 1;
				DEVELOPMENT_TEAM = 4E7NWZLU53;
				ENABLE_BITCODE = NO;
				GCC_PREPROCESSOR_DEFINITIONS = (
					"$(inherited)",
					"FB_SONARKIT_ENABLED=1",
				);
				INFOPLIST_FILE = babetmobile/Info.plist;
				LD_RUNPATH_SEARCH_PATHS = "$(inherited) @executable_path/Frameworks";
				OTHER_LDFLAGS = (
					"$(inherited)",
					"-ObjC",
					"-lc++",
				);
				PRODUCT_BUNDLE_IDENTIFIER = com.babet.app;
				PRODUCT_NAME = babetmobile;
				SWIFT_OPTIMIZATION_LEVEL = "-Onone";
				SWIFT_VERSION = 5.0;
				TARGETED_DEVICE_FAMILY = "1,2";
				VERSIONING_SYSTEM = "apple-generic";
			};
			name = Debug;
		};
		13B07F951A680F5B00A75B9A /* Release */ = {
			isa = XCBuildConfiguration;
			baseConfigurationReference = 72CE9B6CE76E92F6FDD39D89 /* Pods-babetmobile-dev.release.xcconfig */;
			buildSettings = {
				ASSETCATALOG_COMPILER_APPICON_NAME = AppIcon;
				CLANG_ENABLE_MODULES = YES;
				CURRENT_PROJECT_VERSION = 1;
				DEVELOPMENT_TEAM = 4E7NWZLU53;
				INFOPLIST_FILE = babetmobile/Info.plist;
				LD_RUNPATH_SEARCH_PATHS = "$(inherited) @executable_path/Frameworks";
				OTHER_LDFLAGS = (
					"$(inherited)",
					"-ObjC",
					"-lc++",
				);
				PRODUCT_BUNDLE_IDENTIFIER = com.babet.app;
				PRODUCT_NAME = babetmobile;
				SWIFT_VERSION = 5.0;
				TARGETED_DEVICE_FAMILY = "1,2";
				VERSIONING_SYSTEM = "apple-generic";
			};
			name = Release;
		};
		4188F2A924670B9F0084E04B /* Debug */ = {
			isa = XCBuildConfiguration;
			buildSettings = {
				ASSETCATALOG_COMPILER_APPICON_NAME = AppIcon;
				CLANG_ENABLE_MODULES = YES;
				CURRENT_PROJECT_VERSION = 1;
				DEVELOPMENT_TEAM = 4E7NWZLU53;
				ENABLE_BITCODE = NO;
				GCC_PREPROCESSOR_DEFINITIONS = (
					"$(inherited)",
					"FB_SONARKIT_ENABLED=1",
				);
				INFOPLIST_FILE = "babetmobile-dev copy2-Info.plist";
				LD_RUNPATH_SEARCH_PATHS = "$(inherited) @executable_path/Frameworks";
				OTHER_LDFLAGS = (
					"$(inherited)",
					"-ObjC",
					"-lc++",
				);
				PRODUCT_BUNDLE_IDENTIFIER = org.reactjs.native.example.babetmobile;
				PRODUCT_NAME = "$(TARGET_NAME)";
				SWIFT_OPTIMIZATION_LEVEL = "-Onone";
				SWIFT_VERSION = 5.0;
				VERSIONING_SYSTEM = "apple-generic";
			};
			name = Debug;
		};
		4188F2AA24670B9F0084E04B /* Release */ = {
			isa = XCBuildConfiguration;
			buildSettings = {
				ASSETCATALOG_COMPILER_APPICON_NAME = AppIcon;
				CLANG_ENABLE_MODULES = YES;
				CURRENT_PROJECT_VERSION = 1;
				DEVELOPMENT_TEAM = 4E7NWZLU53;
				INFOPLIST_FILE = "babetmobile-dev copy2-Info.plist";
				LD_RUNPATH_SEARCH_PATHS = "$(inherited) @executable_path/Frameworks";
				OTHER_LDFLAGS = (
					"$(inherited)",
					"-ObjC",
					"-lc++",
				);
				PRODUCT_BUNDLE_IDENTIFIER = org.reactjs.native.example.babetmobile;
				PRODUCT_NAME = "$(TARGET_NAME)";
				SWIFT_VERSION = 5.0;
				VERSIONING_SYSTEM = "apple-generic";
			};
			name = Release;
		};
		41AF0CBA24784DA400F57359 /* Debug */ = {
			isa = XCBuildConfiguration;
			baseConfigurationReference = 77A3063C95781714A4892D38 /* Pods-babetmobile-dev-BabetShare.debug.xcconfig */;
			buildSettings = {
				CLANG_ANALYZER_NONNULL = YES;
				CLANG_ANALYZER_NUMBER_OBJECT_CONVERSION = YES_AGGRESSIVE;
				CLANG_CXX_LANGUAGE_STANDARD = "gnu++14";
				CLANG_ENABLE_OBJC_WEAK = YES;
				CLANG_WARN_DOCUMENTATION_COMMENTS = YES;
				CLANG_WARN_UNGUARDED_AVAILABILITY = YES_AGGRESSIVE;
				CODE_SIGN_STYLE = Automatic;
				DEBUG_INFORMATION_FORMAT = dwarf;
				DEVELOPMENT_TEAM = 4E7NWZLU53;
				ENABLE_BITCODE = NO;
				GCC_C_LANGUAGE_STANDARD = gnu11;
				INFOPLIST_FILE = BabetShare/Info.plist;
				IPHONEOS_DEPLOYMENT_TARGET = 13.2;
				LD_RUNPATH_SEARCH_PATHS = "$(inherited) @executable_path/Frameworks @executable_path/../../Frameworks";
				MTL_ENABLE_DEBUG_INFO = INCLUDE_SOURCE;
				MTL_FAST_MATH = YES;
				PRODUCT_BUNDLE_IDENTIFIER = com.babet.app.BabetShare;
				PRODUCT_NAME = BabetShare;
				SKIP_INSTALL = YES;
				TARGETED_DEVICE_FAMILY = "1,2";
			};
			name = Debug;
		};
		41AF0CBB24784DA400F57359 /* Release */ = {
			isa = XCBuildConfiguration;
			baseConfigurationReference = B228F524DEF794BC09040206 /* Pods-babetmobile-dev-BabetShare.release.xcconfig */;
			buildSettings = {
				CLANG_ANALYZER_NONNULL = YES;
				CLANG_ANALYZER_NUMBER_OBJECT_CONVERSION = YES_AGGRESSIVE;
				CLANG_CXX_LANGUAGE_STANDARD = "gnu++14";
				CLANG_ENABLE_OBJC_WEAK = YES;
				CLANG_WARN_DOCUMENTATION_COMMENTS = YES;
				CLANG_WARN_UNGUARDED_AVAILABILITY = YES_AGGRESSIVE;
				CODE_SIGN_STYLE = Automatic;
				COPY_PHASE_STRIP = NO;
				DEBUG_INFORMATION_FORMAT = "dwarf-with-dsym";
				DEVELOPMENT_TEAM = 4E7NWZLU53;
				ENABLE_BITCODE = NO;
				GCC_C_LANGUAGE_STANDARD = gnu11;
				INFOPLIST_FILE = BabetShare/Info.plist;
				IPHONEOS_DEPLOYMENT_TARGET = 13.2;
				LD_RUNPATH_SEARCH_PATHS = "$(inherited) @executable_path/Frameworks @executable_path/../../Frameworks";
				MTL_FAST_MATH = YES;
				PRODUCT_BUNDLE_IDENTIFIER = com.babet.app.BabetShare;
				PRODUCT_NAME = BabetShare;
				SKIP_INSTALL = YES;
				TARGETED_DEVICE_FAMILY = "1,2";
			};
			name = Release;
		};
		83CBBA201A601CBA00E9B192 /* Debug */ = {
			isa = XCBuildConfiguration;
			buildSettings = {
				ALWAYS_SEARCH_USER_PATHS = NO;
				CLANG_ANALYZER_LOCALIZABILITY_NONLOCALIZED = YES;
				CLANG_CXX_LANGUAGE_STANDARD = "gnu++0x";
				CLANG_CXX_LIBRARY = "libc++";
				CLANG_ENABLE_MODULES = YES;
				CLANG_ENABLE_OBJC_ARC = YES;
				CLANG_WARN_BLOCK_CAPTURE_AUTORELEASING = YES;
				CLANG_WARN_BOOL_CONVERSION = YES;
				CLANG_WARN_COMMA = YES;
				CLANG_WARN_CONSTANT_CONVERSION = YES;
				CLANG_WARN_DEPRECATED_OBJC_IMPLEMENTATIONS = YES;
				CLANG_WARN_DIRECT_OBJC_ISA_USAGE = YES_ERROR;
				CLANG_WARN_EMPTY_BODY = YES;
				CLANG_WARN_ENUM_CONVERSION = YES;
				CLANG_WARN_INFINITE_RECURSION = YES;
				CLANG_WARN_INT_CONVERSION = YES;
				CLANG_WARN_NON_LITERAL_NULL_CONVERSION = YES;
				CLANG_WARN_OBJC_IMPLICIT_RETAIN_SELF = YES;
				CLANG_WARN_OBJC_LITERAL_CONVERSION = YES;
				CLANG_WARN_OBJC_ROOT_CLASS = YES_ERROR;
				CLANG_WARN_RANGE_LOOP_ANALYSIS = YES;
				CLANG_WARN_STRICT_PROTOTYPES = YES;
				CLANG_WARN_SUSPICIOUS_MOVE = YES;
				CLANG_WARN_UNREACHABLE_CODE = YES;
				CLANG_WARN__DUPLICATE_METHOD_MATCH = YES;
				"CODE_SIGN_IDENTITY[sdk=iphoneos*]" = "iPhone Developer";
				COPY_PHASE_STRIP = NO;
				ENABLE_STRICT_OBJC_MSGSEND = YES;
				ENABLE_TESTABILITY = YES;
				GCC_C_LANGUAGE_STANDARD = gnu99;
				GCC_DYNAMIC_NO_PIC = NO;
				GCC_NO_COMMON_BLOCKS = YES;
				GCC_OPTIMIZATION_LEVEL = 0;
				GCC_PREPROCESSOR_DEFINITIONS = (
					"DEBUG=1",
					"$(inherited)",
				);
				GCC_SYMBOLS_PRIVATE_EXTERN = NO;
				GCC_WARN_64_TO_32_BIT_CONVERSION = YES;
				GCC_WARN_ABOUT_RETURN_TYPE = YES_ERROR;
				GCC_WARN_UNDECLARED_SELECTOR = YES;
				GCC_WARN_UNINITIALIZED_AUTOS = YES_AGGRESSIVE;
				GCC_WARN_UNUSED_FUNCTION = YES;
				GCC_WARN_UNUSED_VARIABLE = YES;
				IPHONEOS_DEPLOYMENT_TARGET = 9.0;
				LD_RUNPATH_SEARCH_PATHS = "/usr/lib/swift $(inherited)";
				LIBRARY_SEARCH_PATHS = (
					"\"$(TOOLCHAIN_DIR)/usr/lib/swift/$(PLATFORM_NAME)\"",
					"\"$(TOOLCHAIN_DIR)/usr/lib/swift-5.0/$(PLATFORM_NAME)\"",
					"\"$(inherited)\"",
				);
				MTL_ENABLE_DEBUG_INFO = YES;
				ONLY_ACTIVE_ARCH = YES;
				SDKROOT = iphoneos;
			};
			name = Debug;
		};
		83CBBA211A601CBA00E9B192 /* Release */ = {
			isa = XCBuildConfiguration;
			buildSettings = {
				ALWAYS_SEARCH_USER_PATHS = NO;
				CLANG_ANALYZER_LOCALIZABILITY_NONLOCALIZED = YES;
				CLANG_CXX_LANGUAGE_STANDARD = "gnu++0x";
				CLANG_CXX_LIBRARY = "libc++";
				CLANG_ENABLE_MODULES = YES;
				CLANG_ENABLE_OBJC_ARC = YES;
				CLANG_WARN_BLOCK_CAPTURE_AUTORELEASING = YES;
				CLANG_WARN_BOOL_CONVERSION = YES;
				CLANG_WARN_COMMA = YES;
				CLANG_WARN_CONSTANT_CONVERSION = YES;
				CLANG_WARN_DEPRECATED_OBJC_IMPLEMENTATIONS = YES;
				CLANG_WARN_DIRECT_OBJC_ISA_USAGE = YES_ERROR;
				CLANG_WARN_EMPTY_BODY = YES;
				CLANG_WARN_ENUM_CONVERSION = YES;
				CLANG_WARN_INFINITE_RECURSION = YES;
				CLANG_WARN_INT_CONVERSION = YES;
				CLANG_WARN_NON_LITERAL_NULL_CONVERSION = YES;
				CLANG_WARN_OBJC_IMPLICIT_RETAIN_SELF = YES;
				CLANG_WARN_OBJC_LITERAL_CONVERSION = YES;
				CLANG_WARN_OBJC_ROOT_CLASS = YES_ERROR;
				CLANG_WARN_RANGE_LOOP_ANALYSIS = YES;
				CLANG_WARN_STRICT_PROTOTYPES = YES;
				CLANG_WARN_SUSPICIOUS_MOVE = YES;
				CLANG_WARN_UNREACHABLE_CODE = YES;
				CLANG_WARN__DUPLICATE_METHOD_MATCH = YES;
				"CODE_SIGN_IDENTITY[sdk=iphoneos*]" = "iPhone Developer";
				COPY_PHASE_STRIP = YES;
				ENABLE_NS_ASSERTIONS = NO;
				ENABLE_STRICT_OBJC_MSGSEND = YES;
				GCC_C_LANGUAGE_STANDARD = gnu99;
				GCC_NO_COMMON_BLOCKS = YES;
				GCC_WARN_64_TO_32_BIT_CONVERSION = YES;
				GCC_WARN_ABOUT_RETURN_TYPE = YES_ERROR;
				GCC_WARN_UNDECLARED_SELECTOR = YES;
				GCC_WARN_UNINITIALIZED_AUTOS = YES_AGGRESSIVE;
				GCC_WARN_UNUSED_FUNCTION = YES;
				GCC_WARN_UNUSED_VARIABLE = YES;
				IPHONEOS_DEPLOYMENT_TARGET = 9.0;
				LD_RUNPATH_SEARCH_PATHS = "/usr/lib/swift $(inherited)";
				LIBRARY_SEARCH_PATHS = (
					"\"$(TOOLCHAIN_DIR)/usr/lib/swift/$(PLATFORM_NAME)\"",
					"\"$(TOOLCHAIN_DIR)/usr/lib/swift-5.0/$(PLATFORM_NAME)\"",
					"\"$(inherited)\"",
				);
				MTL_ENABLE_DEBUG_INFO = NO;
				SDKROOT = iphoneos;
				VALIDATE_PRODUCT = YES;
			};
			name = Release;
		};
/* End XCBuildConfiguration section */

/* Begin XCConfigurationList section */
		13B07F931A680F5B00A75B9A /* Build configuration list for PBXNativeTarget "babetmobile-dev" */ = {
			isa = XCConfigurationList;
			buildConfigurations = (
				13B07F941A680F5B00A75B9A /* Debug */,
				13B07F951A680F5B00A75B9A /* Release */,
			);
			defaultConfigurationIsVisible = 0;
			defaultConfigurationName = Release;
		};
		4188F2A824670B9F0084E04B /* Build configuration list for PBXNativeTarget "babetmobile-prod" */ = {
			isa = XCConfigurationList;
			buildConfigurations = (
				4188F2A924670B9F0084E04B /* Debug */,
				4188F2AA24670B9F0084E04B /* Release */,
			);
			defaultConfigurationIsVisible = 0;
			defaultConfigurationName = Release;
		};
		41AF0CBC24784DA400F57359 /* Build configuration list for PBXNativeTarget "BabetShare" */ = {
			isa = XCConfigurationList;
			buildConfigurations = (
				41AF0CBA24784DA400F57359 /* Debug */,
				41AF0CBB24784DA400F57359 /* Release */,
			);
			defaultConfigurationIsVisible = 0;
			defaultConfigurationName = Release;
		};
		83CBB9FA1A601CBA00E9B192 /* Build configuration list for PBXProject "babetmobile" */ = {
			isa = XCConfigurationList;
			buildConfigurations = (
				83CBBA201A601CBA00E9B192 /* Debug */,
				83CBBA211A601CBA00E9B192 /* Release */,
			);
			defaultConfigurationIsVisible = 0;
			defaultConfigurationName = Release;
		};
/* End XCConfigurationList section */
	};
	rootObject = 83CBB9F71A601CBA00E9B192 /* Project object */;
}
